
Microsoft Visual Studio Solution File, Format Version 12.00
# Visual Studio Version 17
VisualStudioVersion = 17.5.33502.453
MinimumVisualStudioVersion = 10.0.40219.1
Project("{9A19103F-16F7-4668-BE54-9A1E7A4F7556}") = "Dapplo.Microsoft.Extensions.Hosting.Plugins", "..\src\Dapplo.Microsoft.Extensions.Hosting.Plugins\Dapplo.Microsoft.Extensions.Hosting.Plugins.csproj", "{021F054E-F3E0-44AB-AF4A-042A7513B2D6}"
EndProject
Project("{9A19103F-16F7-4668-BE54-9A1E7A4F7556}") = "Dapplo.Hosting.Sample.PluginOriginalSample", "Dapplo.Hosting.Sample.PluginOriginalSample\Dapplo.Hosting.Sample.PluginOriginalSample.csproj", "{32B89840-E40B-4530-A454-CF1B4C5CA2EB}"
EndProject
Project("{9A19103F-16F7-4668-BE54-9A1E7A4F7556}") = "Dapplo.Hosting.Sample.ConsoleDemo", "Dapplo.Hosting.Sample.ConsoleDemo\Dapplo.Hosting.Sample.ConsoleDemo.csproj", "{EA9149C7-5B38-4522-AD58-901AFFDCE588}"
EndProject
Project("{9A19103F-16F7-4668-BE54-9A1E7A4F7556}") = "Dapplo.Hosting.Sample.PluginWithDependency", "Dapplo.Hosting.Sample.PluginWithDependency\Dapplo.Hosting.Sample.PluginWithDependency.csproj", "{617F6E42-23CB-45C4-AC52-6A44E492E59A}"
EndProject
Project("{9A19103F-16F7-4668-BE54-9A1E7A4F7556}") = "Dapplo.Hosting.Sample.FrameworkLib", "Dapplo.Hosting.Sample.FrameworkLib\Dapplo.Hosting.Sample.FrameworkLib.csproj", "{B6C058AA-82D5-47E8-A55F-C879C1B39CE3}"
EndProject
Project("{9A19103F-16F7-4668-BE54-9A1E7A4F7556}") = "Dapplo.Hosting.Sample.WpfDemo", "Dapplo.Hosting.Sample.WpfDemo\Dapplo.Hosting.Sample.WpfDemo.csproj", "{4D3535D7-EE32-43DF-A30C-6E9C58A8F969}"
EndProject
Project("{9A19103F-16F7-4668-BE54-9A1E7A4F7556}") = "Dapplo.Microsoft.Extensions.Hosting.Wpf", "..\src\Dapplo.Microsoft.Extensions.Hosting.Wpf\Dapplo.Microsoft.Extensions.Hosting.Wpf.csproj", "{829D5E93-A422-4DE6-8913-A15FA93FA46F}"
EndProject
Project("{9A19103F-16F7-4668-BE54-9A1E7A4F7556}") = "Dapplo.Microsoft.Extensions.Hosting.AppServices", "..\src\Dapplo.Microsoft.Extensions.Hosting.AppServices\Dapplo.Microsoft.Extensions.Hosting.AppServices.csproj", "{E2932805-248E-4171-8F2A-E01915FE309A}"
EndProject
Project("{9A19103F-16F7-4668-BE54-9A1E7A4F7556}") = "Dapplo.Hosting.Sample.WinFormsDemo", "Dapplo.Hosting.Sample.WinFormsDemo\Dapplo.Hosting.Sample.WinFormsDemo.csproj", "{ECD1ACC3-79B4-4761-B1EA-10425CE25659}"
EndProject
Project("{9A19103F-16F7-4668-BE54-9A1E7A4F7556}") = "Dapplo.Microsoft.Extensions.Hosting.WinForms", "..\src\Dapplo.Microsoft.Extensions.Hosting.WinForms\Dapplo.Microsoft.Extensions.Hosting.WinForms.csproj", "{780E4523-2EBF-46B2-AF05-7CC9AFE1B9D1}"
EndProject
Project("{9A19103F-16F7-4668-BE54-9A1E7A4F7556}") = "Dapplo.Hosting.Sample.CaliburnMicroDemo", "Dapplo.Hosting.Sample.CaliburnMicroDemo\Dapplo.Hosting.Sample.CaliburnMicroDemo.csproj", "{E2DAE159-D2A9-4E00-894D-EBC74BEB0D92}"
EndProject
Project("{9A19103F-16F7-4668-BE54-9A1E7A4F7556}") = "Dapplo.Microsoft.Extensions.Hosting.CaliburnMicro", "..\src\Dapplo.Microsoft.Extensions.Hosting.CaliburnMicro\Dapplo.Microsoft.Extensions.Hosting.CaliburnMicro.csproj", "{33C19DA9-3914-4A75-BA87-D6AA4D56DDF0}"
EndProject
Project("{9A19103F-16F7-4668-BE54-9A1E7A4F7556}") = "Dapplo.Microsoft.Extensions.Hosting.Metro", "..\src\Dapplo.Microsoft.Extensions.Hosting.Metro\Dapplo.Microsoft.Extensions.Hosting.Metro.csproj", "{95AD7405-77F0-4493-85F8-1534214BE8F9}"
EndProject
Project("{9A19103F-16F7-4668-BE54-9A1E7A4F7556}") = "Dapplo.Hosting.Sample.MetroDemo", "Dapplo.Hosting.Sample.MetroDemo\Dapplo.Hosting.Sample.MetroDemo.csproj", "{5EFDEEB2-8D32-4917-93A2-6272C168CA97}"
EndProject
Project("{9A19103F-16F7-4668-BE54-9A1E7A4F7556}") = "Dapplo.Hosting.Sample.ReactiveDemo", "Dapplo.Hosting.Sample.ReactiveDemo\Dapplo.Hosting.Sample.ReactiveDemo.csproj", "{1B008131-227B-4793-87A3-42E24536807E}"
EndProject
Project("{9A19103F-16F7-4668-BE54-9A1E7A4F7556}") = "Dapplo.Microsoft.Extensions.Hosting.UiThread", "..\src\Dapplo.Microsoft.Extensions.Hosting.UiThread\Dapplo.Microsoft.Extensions.Hosting.UiThread.csproj", "{CF56B3E8-7119-46EB-9F98-04002B6A52BC}"
EndProject
Project("{9A19103F-16F7-4668-BE54-9A1E7A4F7556}") = "Dapplo.Hosting.Sample.DefaultWpfDemo", "Dapplo.Hosting.Sample.DefaultWpfDemo\Dapplo.Hosting.Sample.DefaultWpfDemo.csproj", "{3F568DEE-DBB8-411F-8320-6D1200980E00}"
EndProject
Project("{2150E333-8FDC-42A3-9474-1A3956D46DE8}") = "Examples", "Examples", "{BD536381-4FC0-4FAC-ABEE-AA70CE491341}"
EndProject
Project("{9A19103F-16F7-4668-BE54-9A1E7A4F7556}") = "Dapplo.Microsoft.Extensions.Hosting.WinUI", "..\src\Dapplo.Microsoft.Extensions.Hosting.WinUI\Dapplo.Microsoft.Extensions.Hosting.WinUI.csproj", "{E2C6F3EF-D4FA-4B4B-8C66-B77EE8CCEB4C}"
EndProject
Project("{9A19103F-16F7-4668-BE54-9A1E7A4F7556}") = "Dapplo.Hosting.Sample.WinUI.SingleProjectPackage", "Dapplo.Hosting.Sample.WinUI.SingleProjectPackage\Dapplo.Hosting.Sample.WinUI.SingleProjectPackage.csproj", "{EBA6D6CA-7F67-4174-80C2-6E2A196DE4D2}"
EndProject
Project("{9A19103F-16F7-4668-BE54-9A1E7A4F7556}") = "Dapplo.Hosting.Sample.WinUI", "Dapplo.Hosting.Sample.WinUI\Dapplo.Hosting.Sample.WinUI\Dapplo.Hosting.Sample.WinUI.csproj", "{86F3B321-305C-4C2C-A294-2DACF6575F4E}"
EndProject
Project("{C7167F0D-BC9F-4E6E-AFE1-012C56B48DB5}") = "Dapplo.Hosting.Sample.WinUI (Package)", "Dapplo.Hosting.Sample.WinUI\Dapplo.Hosting.Sample.WinUI (Package)\Dapplo.Hosting.Sample.WinUI (Package).wapproj", "{9073FF38-AA3A-4FB2-82F0-8A18446040CB}"
EndProject
Global
	GlobalSection(SolutionConfigurationPlatforms) = preSolution
		Debug|Any CPU = Debug|Any CPU
		Debug|arm64 = Debug|arm64
		Debug|x64 = Debug|x64
		Debug|x86 = Debug|x86
		Release|Any CPU = Release|Any CPU
		Release|arm64 = Release|arm64
		Release|x64 = Release|x64
		Release|x86 = Release|x86
	EndGlobalSection
	GlobalSection(ProjectConfigurationPlatforms) = postSolution
		{021F054E-F3E0-44AB-AF4A-042A7513B2D6}.Debug|Any CPU.ActiveCfg = Debug|Any CPU
		{021F054E-F3E0-44AB-AF4A-042A7513B2D6}.Debug|Any CPU.Build.0 = Debug|Any CPU
		{021F054E-F3E0-44AB-AF4A-042A7513B2D6}.Debug|arm64.ActiveCfg = Debug|Any CPU
		{021F054E-F3E0-44AB-AF4A-042A7513B2D6}.Debug|arm64.Build.0 = Debug|Any CPU
		{021F054E-F3E0-44AB-AF4A-042A7513B2D6}.Debug|x64.ActiveCfg = Debug|x64
		{021F054E-F3E0-44AB-AF4A-042A7513B2D6}.Debug|x64.Build.0 = Debug|x64
		{021F054E-F3E0-44AB-AF4A-042A7513B2D6}.Debug|x86.ActiveCfg = Debug|Any CPU
		{021F054E-F3E0-44AB-AF4A-042A7513B2D6}.Debug|x86.Build.0 = Debug|Any CPU
		{021F054E-F3E0-44AB-AF4A-042A7513B2D6}.Release|Any CPU.ActiveCfg = Release|Any CPU
		{021F054E-F3E0-44AB-AF4A-042A7513B2D6}.Release|Any CPU.Build.0 = Release|Any CPU
		{021F054E-F3E0-44AB-AF4A-042A7513B2D6}.Release|arm64.ActiveCfg = Release|Any CPU
		{021F054E-F3E0-44AB-AF4A-042A7513B2D6}.Release|arm64.Build.0 = Release|Any CPU
		{021F054E-F3E0-44AB-AF4A-042A7513B2D6}.Release|x64.ActiveCfg = Release|x64
		{021F054E-F3E0-44AB-AF4A-042A7513B2D6}.Release|x64.Build.0 = Release|x64
		{021F054E-F3E0-44AB-AF4A-042A7513B2D6}.Release|x86.ActiveCfg = Release|Any CPU
		{021F054E-F3E0-44AB-AF4A-042A7513B2D6}.Release|x86.Build.0 = Release|Any CPU
		{32B89840-E40B-4530-A454-CF1B4C5CA2EB}.Debug|Any CPU.ActiveCfg = Debug|Any CPU
		{32B89840-E40B-4530-A454-CF1B4C5CA2EB}.Debug|Any CPU.Build.0 = Debug|Any CPU
		{32B89840-E40B-4530-A454-CF1B4C5CA2EB}.Debug|arm64.ActiveCfg = Debug|Any CPU
		{32B89840-E40B-4530-A454-CF1B4C5CA2EB}.Debug|arm64.Build.0 = Debug|Any CPU
		{32B89840-E40B-4530-A454-CF1B4C5CA2EB}.Debug|x64.ActiveCfg = Debug|x64
		{32B89840-E40B-4530-A454-CF1B4C5CA2EB}.Debug|x64.Build.0 = Debug|x64
		{32B89840-E40B-4530-A454-CF1B4C5CA2EB}.Debug|x86.ActiveCfg = Debug|Any CPU
		{32B89840-E40B-4530-A454-CF1B4C5CA2EB}.Debug|x86.Build.0 = Debug|Any CPU
		{32B89840-E40B-4530-A454-CF1B4C5CA2EB}.Release|Any CPU.ActiveCfg = Release|Any CPU
		{32B89840-E40B-4530-A454-CF1B4C5CA2EB}.Release|Any CPU.Build.0 = Release|Any CPU
		{32B89840-E40B-4530-A454-CF1B4C5CA2EB}.Release|arm64.ActiveCfg = Release|Any CPU
		{32B89840-E40B-4530-A454-CF1B4C5CA2EB}.Release|arm64.Build.0 = Release|Any CPU
		{32B89840-E40B-4530-A454-CF1B4C5CA2EB}.Release|x64.ActiveCfg = Release|x64
		{32B89840-E40B-4530-A454-CF1B4C5CA2EB}.Release|x64.Build.0 = Release|x64
		{32B89840-E40B-4530-A454-CF1B4C5CA2EB}.Release|x86.ActiveCfg = Release|Any CPU
		{32B89840-E40B-4530-A454-CF1B4C5CA2EB}.Release|x86.Build.0 = Release|Any CPU
		{EA9149C7-5B38-4522-AD58-901AFFDCE588}.Debug|Any CPU.ActiveCfg = Debug|Any CPU
		{EA9149C7-5B38-4522-AD58-901AFFDCE588}.Debug|Any CPU.Build.0 = Debug|Any CPU
		{EA9149C7-5B38-4522-AD58-901AFFDCE588}.Debug|arm64.ActiveCfg = Debug|Any CPU
		{EA9149C7-5B38-4522-AD58-901AFFDCE588}.Debug|arm64.Build.0 = Debug|Any CPU
		{EA9149C7-5B38-4522-AD58-901AFFDCE588}.Debug|x64.ActiveCfg = Debug|x64
		{EA9149C7-5B38-4522-AD58-901AFFDCE588}.Debug|x64.Build.0 = Debug|x64
		{EA9149C7-5B38-4522-AD58-901AFFDCE588}.Debug|x86.ActiveCfg = Debug|Any CPU
		{EA9149C7-5B38-4522-AD58-901AFFDCE588}.Debug|x86.Build.0 = Debug|Any CPU
		{EA9149C7-5B38-4522-AD58-901AFFDCE588}.Release|Any CPU.ActiveCfg = Release|Any CPU
		{EA9149C7-5B38-4522-AD58-901AFFDCE588}.Release|Any CPU.Build.0 = Release|Any CPU
		{EA9149C7-5B38-4522-AD58-901AFFDCE588}.Release|arm64.ActiveCfg = Release|Any CPU
		{EA9149C7-5B38-4522-AD58-901AFFDCE588}.Release|arm64.Build.0 = Release|Any CPU
		{EA9149C7-5B38-4522-AD58-901AFFDCE588}.Release|x64.ActiveCfg = Release|x64
		{EA9149C7-5B38-4522-AD58-901AFFDCE588}.Release|x64.Build.0 = Release|x64
		{EA9149C7-5B38-4522-AD58-901AFFDCE588}.Release|x86.ActiveCfg = Release|Any CPU
		{EA9149C7-5B38-4522-AD58-901AFFDCE588}.Release|x86.Build.0 = Release|Any CPU
		{617F6E42-23CB-45C4-AC52-6A44E492E59A}.Debug|Any CPU.ActiveCfg = Debug|Any CPU
		{617F6E42-23CB-45C4-AC52-6A44E492E59A}.Debug|Any CPU.Build.0 = Debug|Any CPU
		{617F6E42-23CB-45C4-AC52-6A44E492E59A}.Debug|arm64.ActiveCfg = Debug|Any CPU
		{617F6E42-23CB-45C4-AC52-6A44E492E59A}.Debug|arm64.Build.0 = Debug|Any CPU
		{617F6E42-23CB-45C4-AC52-6A44E492E59A}.Debug|x64.ActiveCfg = Debug|x64
		{617F6E42-23CB-45C4-AC52-6A44E492E59A}.Debug|x64.Build.0 = Debug|x64
		{617F6E42-23CB-45C4-AC52-6A44E492E59A}.Debug|x86.ActiveCfg = Debug|Any CPU
		{617F6E42-23CB-45C4-AC52-6A44E492E59A}.Debug|x86.Build.0 = Debug|Any CPU
		{617F6E42-23CB-45C4-AC52-6A44E492E59A}.Release|Any CPU.ActiveCfg = Release|Any CPU
		{617F6E42-23CB-45C4-AC52-6A44E492E59A}.Release|Any CPU.Build.0 = Release|Any CPU
		{617F6E42-23CB-45C4-AC52-6A44E492E59A}.Release|arm64.ActiveCfg = Release|Any CPU
		{617F6E42-23CB-45C4-AC52-6A44E492E59A}.Release|arm64.Build.0 = Release|Any CPU
		{617F6E42-23CB-45C4-AC52-6A44E492E59A}.Release|x64.ActiveCfg = Release|x64
		{617F6E42-23CB-45C4-AC52-6A44E492E59A}.Release|x64.Build.0 = Release|x64
		{617F6E42-23CB-45C4-AC52-6A44E492E59A}.Release|x86.ActiveCfg = Release|Any CPU
		{617F6E42-23CB-45C4-AC52-6A44E492E59A}.Release|x86.Build.0 = Release|Any CPU
		{B6C058AA-82D5-47E8-A55F-C879C1B39CE3}.Debug|Any CPU.ActiveCfg = Debug|Any CPU
		{B6C058AA-82D5-47E8-A55F-C879C1B39CE3}.Debug|Any CPU.Build.0 = Debug|Any CPU
		{B6C058AA-82D5-47E8-A55F-C879C1B39CE3}.Debug|arm64.ActiveCfg = Debug|Any CPU
		{B6C058AA-82D5-47E8-A55F-C879C1B39CE3}.Debug|arm64.Build.0 = Debug|Any CPU
		{B6C058AA-82D5-47E8-A55F-C879C1B39CE3}.Debug|x64.ActiveCfg = Debug|x64
		{B6C058AA-82D5-47E8-A55F-C879C1B39CE3}.Debug|x64.Build.0 = Debug|x64
		{B6C058AA-82D5-47E8-A55F-C879C1B39CE3}.Debug|x86.ActiveCfg = Debug|Any CPU
		{B6C058AA-82D5-47E8-A55F-C879C1B39CE3}.Debug|x86.Build.0 = Debug|Any CPU
		{B6C058AA-82D5-47E8-A55F-C879C1B39CE3}.Release|Any CPU.ActiveCfg = Release|Any CPU
		{B6C058AA-82D5-47E8-A55F-C879C1B39CE3}.Release|Any CPU.Build.0 = Release|Any CPU
		{B6C058AA-82D5-47E8-A55F-C879C1B39CE3}.Release|arm64.ActiveCfg = Release|Any CPU
		{B6C058AA-82D5-47E8-A55F-C879C1B39CE3}.Release|arm64.Build.0 = Release|Any CPU
		{B6C058AA-82D5-47E8-A55F-C879C1B39CE3}.Release|x64.ActiveCfg = Release|x64
		{B6C058AA-82D5-47E8-A55F-C879C1B39CE3}.Release|x64.Build.0 = Release|x64
		{B6C058AA-82D5-47E8-A55F-C879C1B39CE3}.Release|x86.ActiveCfg = Release|Any CPU
		{B6C058AA-82D5-47E8-A55F-C879C1B39CE3}.Release|x86.Build.0 = Release|Any CPU
		{4D3535D7-EE32-43DF-A30C-6E9C58A8F969}.Debug|Any CPU.ActiveCfg = Debug|Any CPU
		{4D3535D7-EE32-43DF-A30C-6E9C58A8F969}.Debug|Any CPU.Build.0 = Debug|Any CPU
		{4D3535D7-EE32-43DF-A30C-6E9C58A8F969}.Debug|arm64.ActiveCfg = Debug|Any CPU
		{4D3535D7-EE32-43DF-A30C-6E9C58A8F969}.Debug|arm64.Build.0 = Debug|Any CPU
		{4D3535D7-EE32-43DF-A30C-6E9C58A8F969}.Debug|x64.ActiveCfg = Debug|x64
		{4D3535D7-EE32-43DF-A30C-6E9C58A8F969}.Debug|x64.Build.0 = Debug|x64
		{4D3535D7-EE32-43DF-A30C-6E9C58A8F969}.Debug|x86.ActiveCfg = Debug|Any CPU
		{4D3535D7-EE32-43DF-A30C-6E9C58A8F969}.Debug|x86.Build.0 = Debug|Any CPU
		{4D3535D7-EE32-43DF-A30C-6E9C58A8F969}.Release|Any CPU.ActiveCfg = Release|Any CPU
		{4D3535D7-EE32-43DF-A30C-6E9C58A8F969}.Release|Any CPU.Build.0 = Release|Any CPU
		{4D3535D7-EE32-43DF-A30C-6E9C58A8F969}.Release|arm64.ActiveCfg = Release|Any CPU
		{4D3535D7-EE32-43DF-A30C-6E9C58A8F969}.Release|arm64.Build.0 = Release|Any CPU
		{4D3535D7-EE32-43DF-A30C-6E9C58A8F969}.Release|x64.ActiveCfg = Release|x64
		{4D3535D7-EE32-43DF-A30C-6E9C58A8F969}.Release|x64.Build.0 = Release|x64
		{4D3535D7-EE32-43DF-A30C-6E9C58A8F969}.Release|x86.ActiveCfg = Release|Any CPU
		{4D3535D7-EE32-43DF-A30C-6E9C58A8F969}.Release|x86.Build.0 = Release|Any CPU
		{829D5E93-A422-4DE6-8913-A15FA93FA46F}.Debug|Any CPU.ActiveCfg = Debug|Any CPU
		{829D5E93-A422-4DE6-8913-A15FA93FA46F}.Debug|Any CPU.Build.0 = Debug|Any CPU
		{829D5E93-A422-4DE6-8913-A15FA93FA46F}.Debug|arm64.ActiveCfg = Debug|Any CPU
		{829D5E93-A422-4DE6-8913-A15FA93FA46F}.Debug|arm64.Build.0 = Debug|Any CPU
		{829D5E93-A422-4DE6-8913-A15FA93FA46F}.Debug|x64.ActiveCfg = Debug|x64
		{829D5E93-A422-4DE6-8913-A15FA93FA46F}.Debug|x64.Build.0 = Debug|x64
		{829D5E93-A422-4DE6-8913-A15FA93FA46F}.Debug|x86.ActiveCfg = Debug|Any CPU
		{829D5E93-A422-4DE6-8913-A15FA93FA46F}.Debug|x86.Build.0 = Debug|Any CPU
		{829D5E93-A422-4DE6-8913-A15FA93FA46F}.Release|Any CPU.ActiveCfg = Release|Any CPU
		{829D5E93-A422-4DE6-8913-A15FA93FA46F}.Release|Any CPU.Build.0 = Release|Any CPU
		{829D5E93-A422-4DE6-8913-A15FA93FA46F}.Release|arm64.ActiveCfg = Release|Any CPU
		{829D5E93-A422-4DE6-8913-A15FA93FA46F}.Release|arm64.Build.0 = Release|Any CPU
		{829D5E93-A422-4DE6-8913-A15FA93FA46F}.Release|x64.ActiveCfg = Release|x64
		{829D5E93-A422-4DE6-8913-A15FA93FA46F}.Release|x64.Build.0 = Release|x64
		{829D5E93-A422-4DE6-8913-A15FA93FA46F}.Release|x86.ActiveCfg = Release|Any CPU
		{829D5E93-A422-4DE6-8913-A15FA93FA46F}.Release|x86.Build.0 = Release|Any CPU
		{E2932805-248E-4171-8F2A-E01915FE309A}.Debug|Any CPU.ActiveCfg = Debug|Any CPU
		{E2932805-248E-4171-8F2A-E01915FE309A}.Debug|Any CPU.Build.0 = Debug|Any CPU
		{E2932805-248E-4171-8F2A-E01915FE309A}.Debug|arm64.ActiveCfg = Debug|Any CPU
		{E2932805-248E-4171-8F2A-E01915FE309A}.Debug|arm64.Build.0 = Debug|Any CPU
		{E2932805-248E-4171-8F2A-E01915FE309A}.Debug|x64.ActiveCfg = Debug|x64
		{E2932805-248E-4171-8F2A-E01915FE309A}.Debug|x64.Build.0 = Debug|x64
		{E2932805-248E-4171-8F2A-E01915FE309A}.Debug|x86.ActiveCfg = Debug|Any CPU
		{E2932805-248E-4171-8F2A-E01915FE309A}.Debug|x86.Build.0 = Debug|Any CPU
		{E2932805-248E-4171-8F2A-E01915FE309A}.Release|Any CPU.ActiveCfg = Release|Any CPU
		{E2932805-248E-4171-8F2A-E01915FE309A}.Release|Any CPU.Build.0 = Release|Any CPU
		{E2932805-248E-4171-8F2A-E01915FE309A}.Release|arm64.ActiveCfg = Release|Any CPU
		{E2932805-248E-4171-8F2A-E01915FE309A}.Release|arm64.Build.0 = Release|Any CPU
		{E2932805-248E-4171-8F2A-E01915FE309A}.Release|x64.ActiveCfg = Release|x64
		{E2932805-248E-4171-8F2A-E01915FE309A}.Release|x64.Build.0 = Release|x64
		{E2932805-248E-4171-8F2A-E01915FE309A}.Release|x86.ActiveCfg = Release|Any CPU
		{E2932805-248E-4171-8F2A-E01915FE309A}.Release|x86.Build.0 = Release|Any CPU
		{ECD1ACC3-79B4-4761-B1EA-10425CE25659}.Debug|Any CPU.ActiveCfg = Debug|Any CPU
		{ECD1ACC3-79B4-4761-B1EA-10425CE25659}.Debug|Any CPU.Build.0 = Debug|Any CPU
		{ECD1ACC3-79B4-4761-B1EA-10425CE25659}.Debug|arm64.ActiveCfg = Debug|Any CPU
		{ECD1ACC3-79B4-4761-B1EA-10425CE25659}.Debug|arm64.Build.0 = Debug|Any CPU
		{ECD1ACC3-79B4-4761-B1EA-10425CE25659}.Debug|x64.ActiveCfg = Debug|x64
		{ECD1ACC3-79B4-4761-B1EA-10425CE25659}.Debug|x64.Build.0 = Debug|x64
		{ECD1ACC3-79B4-4761-B1EA-10425CE25659}.Debug|x86.ActiveCfg = Debug|Any CPU
		{ECD1ACC3-79B4-4761-B1EA-10425CE25659}.Debug|x86.Build.0 = Debug|Any CPU
		{ECD1ACC3-79B4-4761-B1EA-10425CE25659}.Release|Any CPU.ActiveCfg = Release|Any CPU
		{ECD1ACC3-79B4-4761-B1EA-10425CE25659}.Release|Any CPU.Build.0 = Release|Any CPU
		{ECD1ACC3-79B4-4761-B1EA-10425CE25659}.Release|arm64.ActiveCfg = Release|Any CPU
		{ECD1ACC3-79B4-4761-B1EA-10425CE25659}.Release|arm64.Build.0 = Release|Any CPU
		{ECD1ACC3-79B4-4761-B1EA-10425CE25659}.Release|x64.ActiveCfg = Release|x64
		{ECD1ACC3-79B4-4761-B1EA-10425CE25659}.Release|x64.Build.0 = Release|x64
		{ECD1ACC3-79B4-4761-B1EA-10425CE25659}.Release|x86.ActiveCfg = Release|Any CPU
		{ECD1ACC3-79B4-4761-B1EA-10425CE25659}.Release|x86.Build.0 = Release|Any CPU
		{780E4523-2EBF-46B2-AF05-7CC9AFE1B9D1}.Debug|Any CPU.ActiveCfg = Debug|Any CPU
		{780E4523-2EBF-46B2-AF05-7CC9AFE1B9D1}.Debug|Any CPU.Build.0 = Debug|Any CPU
		{780E4523-2EBF-46B2-AF05-7CC9AFE1B9D1}.Debug|arm64.ActiveCfg = Debug|Any CPU
		{780E4523-2EBF-46B2-AF05-7CC9AFE1B9D1}.Debug|arm64.Build.0 = Debug|Any CPU
		{780E4523-2EBF-46B2-AF05-7CC9AFE1B9D1}.Debug|x64.ActiveCfg = Debug|x64
		{780E4523-2EBF-46B2-AF05-7CC9AFE1B9D1}.Debug|x64.Build.0 = Debug|x64
		{780E4523-2EBF-46B2-AF05-7CC9AFE1B9D1}.Debug|x86.ActiveCfg = Debug|Any CPU
		{780E4523-2EBF-46B2-AF05-7CC9AFE1B9D1}.Debug|x86.Build.0 = Debug|Any CPU
		{780E4523-2EBF-46B2-AF05-7CC9AFE1B9D1}.Release|Any CPU.ActiveCfg = Release|Any CPU
		{780E4523-2EBF-46B2-AF05-7CC9AFE1B9D1}.Release|Any CPU.Build.0 = Release|Any CPU
		{780E4523-2EBF-46B2-AF05-7CC9AFE1B9D1}.Release|arm64.ActiveCfg = Release|Any CPU
		{780E4523-2EBF-46B2-AF05-7CC9AFE1B9D1}.Release|arm64.Build.0 = Release|Any CPU
		{780E4523-2EBF-46B2-AF05-7CC9AFE1B9D1}.Release|x64.ActiveCfg = Release|x64
		{780E4523-2EBF-46B2-AF05-7CC9AFE1B9D1}.Release|x64.Build.0 = Release|x64
		{780E4523-2EBF-46B2-AF05-7CC9AFE1B9D1}.Release|x86.ActiveCfg = Release|Any CPU
		{780E4523-2EBF-46B2-AF05-7CC9AFE1B9D1}.Release|x86.Build.0 = Release|Any CPU
		{E2DAE159-D2A9-4E00-894D-EBC74BEB0D92}.Debug|Any CPU.ActiveCfg = Debug|Any CPU
		{E2DAE159-D2A9-4E00-894D-EBC74BEB0D92}.Debug|Any CPU.Build.0 = Debug|Any CPU
		{E2DAE159-D2A9-4E00-894D-EBC74BEB0D92}.Debug|arm64.ActiveCfg = Debug|Any CPU
		{E2DAE159-D2A9-4E00-894D-EBC74BEB0D92}.Debug|arm64.Build.0 = Debug|Any CPU
		{E2DAE159-D2A9-4E00-894D-EBC74BEB0D92}.Debug|x64.ActiveCfg = Debug|x64
		{E2DAE159-D2A9-4E00-894D-EBC74BEB0D92}.Debug|x64.Build.0 = Debug|x64
		{E2DAE159-D2A9-4E00-894D-EBC74BEB0D92}.Debug|x86.ActiveCfg = Debug|Any CPU
		{E2DAE159-D2A9-4E00-894D-EBC74BEB0D92}.Debug|x86.Build.0 = Debug|Any CPU
		{E2DAE159-D2A9-4E00-894D-EBC74BEB0D92}.Release|Any CPU.ActiveCfg = Release|Any CPU
		{E2DAE159-D2A9-4E00-894D-EBC74BEB0D92}.Release|Any CPU.Build.0 = Release|Any CPU
		{E2DAE159-D2A9-4E00-894D-EBC74BEB0D92}.Release|arm64.ActiveCfg = Release|Any CPU
		{E2DAE159-D2A9-4E00-894D-EBC74BEB0D92}.Release|arm64.Build.0 = Release|Any CPU
		{E2DAE159-D2A9-4E00-894D-EBC74BEB0D92}.Release|x64.ActiveCfg = Release|x64
		{E2DAE159-D2A9-4E00-894D-EBC74BEB0D92}.Release|x64.Build.0 = Release|x64
		{E2DAE159-D2A9-4E00-894D-EBC74BEB0D92}.Release|x86.ActiveCfg = Release|Any CPU
		{E2DAE159-D2A9-4E00-894D-EBC74BEB0D92}.Release|x86.Build.0 = Release|Any CPU
		{33C19DA9-3914-4A75-BA87-D6AA4D56DDF0}.Debug|Any CPU.ActiveCfg = Debug|Any CPU
		{33C19DA9-3914-4A75-BA87-D6AA4D56DDF0}.Debug|Any CPU.Build.0 = Debug|Any CPU
		{33C19DA9-3914-4A75-BA87-D6AA4D56DDF0}.Debug|arm64.ActiveCfg = Debug|Any CPU
		{33C19DA9-3914-4A75-BA87-D6AA4D56DDF0}.Debug|arm64.Build.0 = Debug|Any CPU
		{33C19DA9-3914-4A75-BA87-D6AA4D56DDF0}.Debug|x64.ActiveCfg = Debug|x64
		{33C19DA9-3914-4A75-BA87-D6AA4D56DDF0}.Debug|x64.Build.0 = Debug|x64
		{33C19DA9-3914-4A75-BA87-D6AA4D56DDF0}.Debug|x86.ActiveCfg = Debug|Any CPU
		{33C19DA9-3914-4A75-BA87-D6AA4D56DDF0}.Debug|x86.Build.0 = Debug|Any CPU
		{33C19DA9-3914-4A75-BA87-D6AA4D56DDF0}.Release|Any CPU.ActiveCfg = Release|Any CPU
		{33C19DA9-3914-4A75-BA87-D6AA4D56DDF0}.Release|Any CPU.Build.0 = Release|Any CPU
		{33C19DA9-3914-4A75-BA87-D6AA4D56DDF0}.Release|arm64.ActiveCfg = Release|Any CPU
		{33C19DA9-3914-4A75-BA87-D6AA4D56DDF0}.Release|arm64.Build.0 = Release|Any CPU
		{33C19DA9-3914-4A75-BA87-D6AA4D56DDF0}.Release|x64.ActiveCfg = Release|x64
		{33C19DA9-3914-4A75-BA87-D6AA4D56DDF0}.Release|x64.Build.0 = Release|x64
		{33C19DA9-3914-4A75-BA87-D6AA4D56DDF0}.Release|x86.ActiveCfg = Release|Any CPU
		{33C19DA9-3914-4A75-BA87-D6AA4D56DDF0}.Release|x86.Build.0 = Release|Any CPU
		{95AD7405-77F0-4493-85F8-1534214BE8F9}.Debug|Any CPU.ActiveCfg = Debug|Any CPU
		{95AD7405-77F0-4493-85F8-1534214BE8F9}.Debug|Any CPU.Build.0 = Debug|Any CPU
		{95AD7405-77F0-4493-85F8-1534214BE8F9}.Debug|arm64.ActiveCfg = Debug|Any CPU
		{95AD7405-77F0-4493-85F8-1534214BE8F9}.Debug|arm64.Build.0 = Debug|Any CPU
		{95AD7405-77F0-4493-85F8-1534214BE8F9}.Debug|x64.ActiveCfg = Debug|x64
		{95AD7405-77F0-4493-85F8-1534214BE8F9}.Debug|x64.Build.0 = Debug|x64
		{95AD7405-77F0-4493-85F8-1534214BE8F9}.Debug|x86.ActiveCfg = Debug|Any CPU
		{95AD7405-77F0-4493-85F8-1534214BE8F9}.Debug|x86.Build.0 = Debug|Any CPU
		{95AD7405-77F0-4493-85F8-1534214BE8F9}.Release|Any CPU.ActiveCfg = Release|Any CPU
		{95AD7405-77F0-4493-85F8-1534214BE8F9}.Release|Any CPU.Build.0 = Release|Any CPU
		{95AD7405-77F0-4493-85F8-1534214BE8F9}.Release|arm64.ActiveCfg = Release|Any CPU
		{95AD7405-77F0-4493-85F8-1534214BE8F9}.Release|arm64.Build.0 = Release|Any CPU
		{95AD7405-77F0-4493-85F8-1534214BE8F9}.Release|x64.ActiveCfg = Release|x64
		{95AD7405-77F0-4493-85F8-1534214BE8F9}.Release|x64.Build.0 = Release|x64
		{95AD7405-77F0-4493-85F8-1534214BE8F9}.Release|x86.ActiveCfg = Release|Any CPU
		{95AD7405-77F0-4493-85F8-1534214BE8F9}.Release|x86.Build.0 = Release|Any CPU
		{5EFDEEB2-8D32-4917-93A2-6272C168CA97}.Debug|Any CPU.ActiveCfg = Debug|Any CPU
		{5EFDEEB2-8D32-4917-93A2-6272C168CA97}.Debug|Any CPU.Build.0 = Debug|Any CPU
		{5EFDEEB2-8D32-4917-93A2-6272C168CA97}.Debug|arm64.ActiveCfg = Debug|Any CPU
		{5EFDEEB2-8D32-4917-93A2-6272C168CA97}.Debug|arm64.Build.0 = Debug|Any CPU
		{5EFDEEB2-8D32-4917-93A2-6272C168CA97}.Debug|x64.ActiveCfg = Debug|x64
		{5EFDEEB2-8D32-4917-93A2-6272C168CA97}.Debug|x64.Build.0 = Debug|x64
		{5EFDEEB2-8D32-4917-93A2-6272C168CA97}.Debug|x86.ActiveCfg = Debug|Any CPU
		{5EFDEEB2-8D32-4917-93A2-6272C168CA97}.Debug|x86.Build.0 = Debug|Any CPU
		{5EFDEEB2-8D32-4917-93A2-6272C168CA97}.Release|Any CPU.ActiveCfg = Release|Any CPU
		{5EFDEEB2-8D32-4917-93A2-6272C168CA97}.Release|Any CPU.Build.0 = Release|Any CPU
		{5EFDEEB2-8D32-4917-93A2-6272C168CA97}.Release|arm64.ActiveCfg = Release|Any CPU
		{5EFDEEB2-8D32-4917-93A2-6272C168CA97}.Release|arm64.Build.0 = Release|Any CPU
		{5EFDEEB2-8D32-4917-93A2-6272C168CA97}.Release|x64.ActiveCfg = Release|x64
		{5EFDEEB2-8D32-4917-93A2-6272C168CA97}.Release|x64.Build.0 = Release|x64
		{5EFDEEB2-8D32-4917-93A2-6272C168CA97}.Release|x86.ActiveCfg = Release|Any CPU
		{5EFDEEB2-8D32-4917-93A2-6272C168CA97}.Release|x86.Build.0 = Release|Any CPU
		{1B008131-227B-4793-87A3-42E24536807E}.Debug|Any CPU.ActiveCfg = Debug|Any CPU
		{1B008131-227B-4793-87A3-42E24536807E}.Debug|Any CPU.Build.0 = Debug|Any CPU
		{1B008131-227B-4793-87A3-42E24536807E}.Debug|arm64.ActiveCfg = Debug|Any CPU
		{1B008131-227B-4793-87A3-42E24536807E}.Debug|arm64.Build.0 = Debug|Any CPU
		{1B008131-227B-4793-87A3-42E24536807E}.Debug|x64.ActiveCfg = Debug|x64
		{1B008131-227B-4793-87A3-42E24536807E}.Debug|x64.Build.0 = Debug|x64
		{1B008131-227B-4793-87A3-42E24536807E}.Debug|x86.ActiveCfg = Debug|Any CPU
		{1B008131-227B-4793-87A3-42E24536807E}.Debug|x86.Build.0 = Debug|Any CPU
		{1B008131-227B-4793-87A3-42E24536807E}.Release|Any CPU.ActiveCfg = Release|Any CPU
		{1B008131-227B-4793-87A3-42E24536807E}.Release|Any CPU.Build.0 = Release|Any CPU
		{1B008131-227B-4793-87A3-42E24536807E}.Release|arm64.ActiveCfg = Release|Any CPU
		{1B008131-227B-4793-87A3-42E24536807E}.Release|arm64.Build.0 = Release|Any CPU
		{1B008131-227B-4793-87A3-42E24536807E}.Release|x64.ActiveCfg = Release|x64
		{1B008131-227B-4793-87A3-42E24536807E}.Release|x64.Build.0 = Release|x64
		{1B008131-227B-4793-87A3-42E24536807E}.Release|x86.ActiveCfg = Release|Any CPU
		{1B008131-227B-4793-87A3-42E24536807E}.Release|x86.Build.0 = Release|Any CPU
		{CF56B3E8-7119-46EB-9F98-04002B6A52BC}.Debug|Any CPU.ActiveCfg = Debug|Any CPU
		{CF56B3E8-7119-46EB-9F98-04002B6A52BC}.Debug|Any CPU.Build.0 = Debug|Any CPU
		{CF56B3E8-7119-46EB-9F98-04002B6A52BC}.Debug|arm64.ActiveCfg = Debug|Any CPU
		{CF56B3E8-7119-46EB-9F98-04002B6A52BC}.Debug|arm64.Build.0 = Debug|Any CPU
		{CF56B3E8-7119-46EB-9F98-04002B6A52BC}.Debug|x64.ActiveCfg = Debug|Any CPU
		{CF56B3E8-7119-46EB-9F98-04002B6A52BC}.Debug|x64.Build.0 = Debug|Any CPU
		{CF56B3E8-7119-46EB-9F98-04002B6A52BC}.Debug|x86.ActiveCfg = Debug|Any CPU
		{CF56B3E8-7119-46EB-9F98-04002B6A52BC}.Debug|x86.Build.0 = Debug|Any CPU
		{CF56B3E8-7119-46EB-9F98-04002B6A52BC}.Release|Any CPU.ActiveCfg = Release|Any CPU
		{CF56B3E8-7119-46EB-9F98-04002B6A52BC}.Release|Any CPU.Build.0 = Release|Any CPU
		{CF56B3E8-7119-46EB-9F98-04002B6A52BC}.Release|arm64.ActiveCfg = Release|Any CPU
		{CF56B3E8-7119-46EB-9F98-04002B6A52BC}.Release|arm64.Build.0 = Release|Any CPU
		{CF56B3E8-7119-46EB-9F98-04002B6A52BC}.Release|x64.ActiveCfg = Release|Any CPU
		{CF56B3E8-7119-46EB-9F98-04002B6A52BC}.Release|x64.Build.0 = Release|Any CPU
		{CF56B3E8-7119-46EB-9F98-04002B6A52BC}.Release|x86.ActiveCfg = Release|Any CPU
		{CF56B3E8-7119-46EB-9F98-04002B6A52BC}.Release|x86.Build.0 = Release|Any CPU
		{3F568DEE-DBB8-411F-8320-6D1200980E00}.Debug|Any CPU.ActiveCfg = Debug|Any CPU
		{3F568DEE-DBB8-411F-8320-6D1200980E00}.Debug|Any CPU.Build.0 = Debug|Any CPU
		{3F568DEE-DBB8-411F-8320-6D1200980E00}.Debug|arm64.ActiveCfg = Debug|Any CPU
		{3F568DEE-DBB8-411F-8320-6D1200980E00}.Debug|arm64.Build.0 = Debug|Any CPU
		{3F568DEE-DBB8-411F-8320-6D1200980E00}.Debug|x64.ActiveCfg = Debug|Any CPU
		{3F568DEE-DBB8-411F-8320-6D1200980E00}.Debug|x64.Build.0 = Debug|Any CPU
		{3F568DEE-DBB8-411F-8320-6D1200980E00}.Debug|x86.ActiveCfg = Debug|Any CPU
		{3F568DEE-DBB8-411F-8320-6D1200980E00}.Debug|x86.Build.0 = Debug|Any CPU
		{3F568DEE-DBB8-411F-8320-6D1200980E00}.Release|Any CPU.ActiveCfg = Release|Any CPU
		{3F568DEE-DBB8-411F-8320-6D1200980E00}.Release|Any CPU.Build.0 = Release|Any CPU
		{3F568DEE-DBB8-411F-8320-6D1200980E00}.Release|arm64.ActiveCfg = Release|Any CPU
		{3F568DEE-DBB8-411F-8320-6D1200980E00}.Release|arm64.Build.0 = Release|Any CPU
		{3F568DEE-DBB8-411F-8320-6D1200980E00}.Release|x64.ActiveCfg = Release|Any CPU
		{3F568DEE-DBB8-411F-8320-6D1200980E00}.Release|x64.Build.0 = Release|Any CPU
		{3F568DEE-DBB8-411F-8320-6D1200980E00}.Release|x86.ActiveCfg = Release|Any CPU
		{3F568DEE-DBB8-411F-8320-6D1200980E00}.Release|x86.Build.0 = Release|Any CPU
		{E2C6F3EF-D4FA-4B4B-8C66-B77EE8CCEB4C}.Debug|Any CPU.ActiveCfg = Debug|x64
		{E2C6F3EF-D4FA-4B4B-8C66-B77EE8CCEB4C}.Debug|Any CPU.Build.0 = Debug|x64
		{E2C6F3EF-D4FA-4B4B-8C66-B77EE8CCEB4C}.Debug|arm64.ActiveCfg = Debug|arm64
		{E2C6F3EF-D4FA-4B4B-8C66-B77EE8CCEB4C}.Debug|arm64.Build.0 = Debug|arm64
		{E2C6F3EF-D4FA-4B4B-8C66-B77EE8CCEB4C}.Debug|x64.ActiveCfg = Debug|x64
		{E2C6F3EF-D4FA-4B4B-8C66-B77EE8CCEB4C}.Debug|x64.Build.0 = Debug|x64
		{E2C6F3EF-D4FA-4B4B-8C66-B77EE8CCEB4C}.Debug|x86.ActiveCfg = Debug|x86
		{E2C6F3EF-D4FA-4B4B-8C66-B77EE8CCEB4C}.Debug|x86.Build.0 = Debug|x86
		{E2C6F3EF-D4FA-4B4B-8C66-B77EE8CCEB4C}.Release|Any CPU.ActiveCfg = Release|x64
		{E2C6F3EF-D4FA-4B4B-8C66-B77EE8CCEB4C}.Release|Any CPU.Build.0 = Release|x64
		{E2C6F3EF-D4FA-4B4B-8C66-B77EE8CCEB4C}.Release|arm64.ActiveCfg = Release|arm64
		{E2C6F3EF-D4FA-4B4B-8C66-B77EE8CCEB4C}.Release|arm64.Build.0 = Release|arm64
		{E2C6F3EF-D4FA-4B4B-8C66-B77EE8CCEB4C}.Release|x64.ActiveCfg = Release|x64
		{E2C6F3EF-D4FA-4B4B-8C66-B77EE8CCEB4C}.Release|x64.Build.0 = Release|x64
		{E2C6F3EF-D4FA-4B4B-8C66-B77EE8CCEB4C}.Release|x86.ActiveCfg = Release|x86
		{E2C6F3EF-D4FA-4B4B-8C66-B77EE8CCEB4C}.Release|x86.Build.0 = Release|x86
		{EBA6D6CA-7F67-4174-80C2-6E2A196DE4D2}.Debug|Any CPU.ActiveCfg = Debug|x64
		{EBA6D6CA-7F67-4174-80C2-6E2A196DE4D2}.Debug|Any CPU.Build.0 = Debug|x64
		{EBA6D6CA-7F67-4174-80C2-6E2A196DE4D2}.Debug|Any CPU.Deploy.0 = Debug|x64
		{EBA6D6CA-7F67-4174-80C2-6E2A196DE4D2}.Debug|arm64.ActiveCfg = Debug|arm64
		{EBA6D6CA-7F67-4174-80C2-6E2A196DE4D2}.Debug|arm64.Build.0 = Debug|arm64
		{EBA6D6CA-7F67-4174-80C2-6E2A196DE4D2}.Debug|arm64.Deploy.0 = Debug|arm64
		{EBA6D6CA-7F67-4174-80C2-6E2A196DE4D2}.Debug|x64.ActiveCfg = Debug|x64
		{EBA6D6CA-7F67-4174-80C2-6E2A196DE4D2}.Debug|x64.Build.0 = Debug|x64
		{EBA6D6CA-7F67-4174-80C2-6E2A196DE4D2}.Debug|x64.Deploy.0 = Debug|x64
		{EBA6D6CA-7F67-4174-80C2-6E2A196DE4D2}.Debug|x86.ActiveCfg = Debug|x86
		{EBA6D6CA-7F67-4174-80C2-6E2A196DE4D2}.Debug|x86.Build.0 = Debug|x86
		{EBA6D6CA-7F67-4174-80C2-6E2A196DE4D2}.Debug|x86.Deploy.0 = Debug|x86
		{EBA6D6CA-7F67-4174-80C2-6E2A196DE4D2}.Release|Any CPU.ActiveCfg = Release|x64
		{EBA6D6CA-7F67-4174-80C2-6E2A196DE4D2}.Release|Any CPU.Build.0 = Release|x64
		{EBA6D6CA-7F67-4174-80C2-6E2A196DE4D2}.Release|Any CPU.Deploy.0 = Release|x64
		{EBA6D6CA-7F67-4174-80C2-6E2A196DE4D2}.Release|arm64.ActiveCfg = Release|arm64
		{EBA6D6CA-7F67-4174-80C2-6E2A196DE4D2}.Release|arm64.Build.0 = Release|arm64
		{EBA6D6CA-7F67-4174-80C2-6E2A196DE4D2}.Release|arm64.Deploy.0 = Release|arm64
		{EBA6D6CA-7F67-4174-80C2-6E2A196DE4D2}.Release|x64.ActiveCfg = Release|x64
		{EBA6D6CA-7F67-4174-80C2-6E2A196DE4D2}.Release|x64.Build.0 = Release|x64
		{EBA6D6CA-7F67-4174-80C2-6E2A196DE4D2}.Release|x64.Deploy.0 = Release|x64
		{EBA6D6CA-7F67-4174-80C2-6E2A196DE4D2}.Release|x86.ActiveCfg = Release|x86
		{EBA6D6CA-7F67-4174-80C2-6E2A196DE4D2}.Release|x86.Build.0 = Release|x86
		{EBA6D6CA-7F67-4174-80C2-6E2A196DE4D2}.Release|x86.Deploy.0 = Release|x86
		{86F3B321-305C-4C2C-A294-2DACF6575F4E}.Debug|Any CPU.ActiveCfg = Debug|x64
		{86F3B321-305C-4C2C-A294-2DACF6575F4E}.Debug|Any CPU.Build.0 = Debug|x64
		{86F3B321-305C-4C2C-A294-2DACF6575F4E}.Debug|arm64.ActiveCfg = Debug|arm64
		{86F3B321-305C-4C2C-A294-2DACF6575F4E}.Debug|arm64.Build.0 = Debug|arm64
		{86F3B321-305C-4C2C-A294-2DACF6575F4E}.Debug|x64.ActiveCfg = Debug|x64
		{86F3B321-305C-4C2C-A294-2DACF6575F4E}.Debug|x64.Build.0 = Debug|x64
		{86F3B321-305C-4C2C-A294-2DACF6575F4E}.Debug|x86.ActiveCfg = Debug|x86
		{86F3B321-305C-4C2C-A294-2DACF6575F4E}.Debug|x86.Build.0 = Debug|x86
		{86F3B321-305C-4C2C-A294-2DACF6575F4E}.Release|Any CPU.ActiveCfg = Release|x64
		{86F3B321-305C-4C2C-A294-2DACF6575F4E}.Release|Any CPU.Build.0 = Release|x64
		{86F3B321-305C-4C2C-A294-2DACF6575F4E}.Release|arm64.ActiveCfg = Release|arm64
		{86F3B321-305C-4C2C-A294-2DACF6575F4E}.Release|arm64.Build.0 = Release|arm64
		{86F3B321-305C-4C2C-A294-2DACF6575F4E}.Release|x64.ActiveCfg = Release|x64
		{86F3B321-305C-4C2C-A294-2DACF6575F4E}.Release|x64.Build.0 = Release|x64
		{86F3B321-305C-4C2C-A294-2DACF6575F4E}.Release|x86.ActiveCfg = Release|x86
		{86F3B321-305C-4C2C-A294-2DACF6575F4E}.Release|x86.Build.0 = Release|x86
		{9073FF38-AA3A-4FB2-82F0-8A18446040CB}.Debug|Any CPU.ActiveCfg = Debug|x64
		{9073FF38-AA3A-4FB2-82F0-8A18446040CB}.Debug|Any CPU.Build.0 = Debug|x64
		{9073FF38-AA3A-4FB2-82F0-8A18446040CB}.Debug|Any CPU.Deploy.0 = Debug|x64
		{9073FF38-AA3A-4FB2-82F0-8A18446040CB}.Debug|arm64.ActiveCfg = Debug|arm64
		{9073FF38-AA3A-4FB2-82F0-8A18446040CB}.Debug|arm64.Build.0 = Debug|arm64
		{9073FF38-AA3A-4FB2-82F0-8A18446040CB}.Debug|arm64.Deploy.0 = Debug|arm64
		{9073FF38-AA3A-4FB2-82F0-8A18446040CB}.Debug|x64.ActiveCfg = Debug|x64
		{9073FF38-AA3A-4FB2-82F0-8A18446040CB}.Debug|x64.Build.0 = Debug|x64
		{9073FF38-AA3A-4FB2-82F0-8A18446040CB}.Debug|x64.Deploy.0 = Debug|x64
		{9073FF38-AA3A-4FB2-82F0-8A18446040CB}.Debug|x86.ActiveCfg = Debug|x86
		{9073FF38-AA3A-4FB2-82F0-8A18446040CB}.Debug|x86.Build.0 = Debug|x86
		{9073FF38-AA3A-4FB2-82F0-8A18446040CB}.Debug|x86.Deploy.0 = Debug|x86
		{9073FF38-AA3A-4FB2-82F0-8A18446040CB}.Release|Any CPU.ActiveCfg = Release|x64
		{9073FF38-AA3A-4FB2-82F0-8A18446040CB}.Release|Any CPU.Build.0 = Release|x64
		{9073FF38-AA3A-4FB2-82F0-8A18446040CB}.Release|Any CPU.Deploy.0 = Release|x64
		{9073FF38-AA3A-4FB2-82F0-8A18446040CB}.Release|arm64.ActiveCfg = Release|arm64
		{9073FF38-AA3A-4FB2-82F0-8A18446040CB}.Release|arm64.Build.0 = Release|arm64
		{9073FF38-AA3A-4FB2-82F0-8A18446040CB}.Release|arm64.Deploy.0 = Release|arm64
		{9073FF38-AA3A-4FB2-82F0-8A18446040CB}.Release|x64.ActiveCfg = Release|x64
		{9073FF38-AA3A-4FB2-82F0-8A18446040CB}.Release|x64.Build.0 = Release|x64
		{9073FF38-AA3A-4FB2-82F0-8A18446040CB}.Release|x64.Deploy.0 = Release|x64
		{9073FF38-AA3A-4FB2-82F0-8A18446040CB}.Release|x86.ActiveCfg = Release|x86
		{9073FF38-AA3A-4FB2-82F0-8A18446040CB}.Release|x86.Build.0 = Release|x86
		{9073FF38-AA3A-4FB2-82F0-8A18446040CB}.Release|x86.Deploy.0 = Release|x86
	EndGlobalSection
	GlobalSection(SolutionProperties) = preSolution
		HideSolutionNode = FALSE
	EndGlobalSection
	GlobalSection(NestedProjects) = preSolution
		{32B89840-E40B-4530-A454-CF1B4C5CA2EB} = {BD536381-4FC0-4FAC-ABEE-AA70CE491341}
		{EA9149C7-5B38-4522-AD58-901AFFDCE588} = {BD536381-4FC0-4FAC-ABEE-AA70CE491341}
		{617F6E42-23CB-45C4-AC52-6A44E492E59A} = {BD536381-4FC0-4FAC-ABEE-AA70CE491341}
		{B6C058AA-82D5-47E8-A55F-C879C1B39CE3} = {BD536381-4FC0-4FAC-ABEE-AA70CE491341}
		{4D3535D7-EE32-43DF-A30C-6E9C58A8F969} = {BD536381-4FC0-4FAC-ABEE-AA70CE491341}
		{ECD1ACC3-79B4-4761-B1EA-10425CE25659} = {BD536381-4FC0-4FAC-ABEE-AA70CE491341}
		{E2DAE159-D2A9-4E00-894D-EBC74BEB0D92} = {BD536381-4FC0-4FAC-ABEE-AA70CE491341}
		{5EFDEEB2-8D32-4917-93A2-6272C168CA97} = {BD536381-4FC0-4FAC-ABEE-AA70CE491341}
		{1B008131-227B-4793-87A3-42E24536807E} = {BD536381-4FC0-4FAC-ABEE-AA70CE491341}
		{3F568DEE-DBB8-411F-8320-6D1200980E00} = {BD536381-4FC0-4FAC-ABEE-AA70CE491341}
		{EBA6D6CA-7F67-4174-80C2-6E2A196DE4D2} = {BD536381-4FC0-4FAC-ABEE-AA70CE491341}
		{86F3B321-305C-4C2C-A294-2DACF6575F4E} = {BD536381-4FC0-4FAC-ABEE-AA70CE491341}
		{9073FF38-AA3A-4FB2-82F0-8A18446040CB} = {BD536381-4FC0-4FAC-ABEE-AA70CE491341}
	EndGlobalSection
	GlobalSection(ExtensibilityGlobals) = postSolution
		SolutionGuid = {E385CD7A-F537-4976-A3E6-A2FB993A4301}
	EndGlobalSection
EndGlobal
